
Microsoft Visual Studio Solution File, Format Version 12.00
# Visual Studio Version 17
VisualStudioVersion = 17.10.34928.147
MinimumVisualStudioVersion = 10.0.40219.1
Project("{FAE04EC0-301F-11D3-BF4B-00C04F79EFBC}") = "Human_Resource_App", "Human_Resource_App\Human_Resource_App.csproj", "{296AF492-73ED-4B9D-84F4-4243C14A1D8C}"
EndProject
Global
	GlobalSection(SolutionConfigurationPlatforms) = preSolution
		Debug|Any CPU = Debug|Any CPU
		Release|Any CPU = Release|Any CPU
	EndGlobalSection
	GlobalSection(ProjectConfigurationPlatforms) = postSolution
		{296AF492-73ED-4B9D-84F4-4243C14A1D8C}.Debug|Any CPU.ActiveCfg = Debug|Any CPU
		{296AF492-73ED-4B9D-84F4-4243C14A1D8C}.Debug|Any CPU.Build.0 = Debug|Any CPU
		{296AF492-73ED-4B9D-84F4-4243C14A1D8C}.Release|Any CPU.ActiveCfg = Release|Any CPU
		{296AF492-73ED-4B9D-84F4-4243C14A1D8C}.Release|Any CPU.Build.0 = Release|Any CPU
	EndGlobalSection
	GlobalSection(SolutionProperties) = preSolution
		HideSolutionNode = FALSE
	EndGlobalSection
	GlobalSection(ExtensibilityGlobals) = postSolution
		SolutionGuid = {006FC119-2258-4746-88CC-DB3A4556B767}
	EndGlobalSection
EndGlobal
